speakeasyVersion: 1.447.4
sources:
    my-first-source:
        sourceNamespace: my-first-source
        sourceRevisionDigest: sha256:aae033ed8a2832b47df35a3ab53766cb69a09db99b325b72d28fc2cb66e92d46
        sourceBlobDigest: sha256:8c66d55b10c00886e8fd1f2b6ea6b233bccf17f622fed046dcf302d5da3f91f5
        tags:
            - latest
            - "2018-02-08"
targets:
    my-first-target:
        source: my-first-source
        sourceNamespace: my-first-source
        sourceRevisionDigest: sha256:aae033ed8a2832b47df35a3ab53766cb69a09db99b325b72d28fc2cb66e92d46
        sourceBlobDigest: sha256:8c66d55b10c00886e8fd1f2b6ea6b233bccf17f622fed046dcf302d5da3f91f5
        codeSamplesNamespace: my-first-source-java-code-samples
        codeSamplesRevisionDigest: sha256:dd26390b42e3be2d16a44cba66d0ffca9331186cb229a604ae76b6fccc6ce039
workflow:
    workflowVersion: 1.0.0
    speakeasyVersion: latest
    sources:
        my-first-source:
            inputs:
                - location: https://docs.goshippo.com/spec/shippoapi/public-api.yaml
            registry:
                location: registry.speakeasyapi.dev/shippo/shippo/my-first-source
    targets:
        my-first-target:
            target: java
            source: my-first-source
            publish:
                java:
                    ossrhUsername: $ossrh_username
                    ossrhPassword: $ossrh_password
                    gpgSecretKey: $java_gpg_secret_key
                    gpgPassPhrase: $java_gpg_passphrase
            codeSamples:
                registry:
                    location: registry.speakeasyapi.dev/shippo/shippo/my-first-source-java-code-samples
                blocking: false
