speakeasyVersion: 1.447.0
sources:
    my-first-source:
        sourceNamespace: my-first-source
        sourceRevisionDigest: sha256:51cbf2c29a2a89dc71af0d38a4f3f2f11a81f90d219fb6521a5cee773c80a0be
        sourceBlobDigest: sha256:8c66d55b10c00886e8fd1f2b6ea6b233bccf17f622fed046dcf302d5da3f91f5
        tags:
            - latest
            - speakeasy-sdk-regen-1732636848
            - "2018-02-08"
targets:
    my-first-target:
        source: my-first-source
        sourceNamespace: my-first-source
        sourceRevisionDigest: sha256:51cbf2c29a2a89dc71af0d38a4f3f2f11a81f90d219fb6521a5cee773c80a0be
        sourceBlobDigest: sha256:8c66d55b10c00886e8fd1f2b6ea6b233bccf17f622fed046dcf302d5da3f91f5
        codeSamplesNamespace: my-first-source-code-samples
        codeSamplesRevisionDigest: sha256:1a3fab9eca9f717747d5e4fd4dc0cd75aab7c33b14be7c886ba185a803f64a11
workflow:
    workflowVersion: 1.0.0
    speakeasyVersion: latest
    sources:
        my-first-source:
            inputs:
                - location: https://docs.goshippo.com/spec/shippoapi/public-api.yaml
            registry:
                location: registry.speakeasyapi.dev/shippo/shippo/my-first-source
    targets:
        my-first-target:
            target: java
            source: my-first-source
            publish:
                java:
                    ossrhUsername: lucas-shippo
                    ossrhPassword: $ossrh_password
                    gpgSecretKey: $java_gpg_secret_key
                    gpgPassPhrase: $java_gpg_passphrase
            codeSamples:
                registry:
                    location: registry.speakeasyapi.dev/shippo/shippo/my-first-source-code-samples
                blocking: false
